// !$*UTF8*$!
{
	archiveVersion = 1;
	classes = {
	};
	objectVersion = 50;
	objects = {

/* Begin PBXBuildFile section */
		8854ADF122315E0E00B87C2C /* AppDelegate.swift in Sources */ = {isa = PBXBuildFile; fileRef = 8854ADF022315E0E00B87C2C /* AppDelegate.swift */; };
		8854ADF322315E0E00B87C2C /* ViewController.swift in Sources */ = {isa = PBXBuildFile; fileRef = 8854ADF222315E0E00B87C2C /* ViewController.swift */; };
		8854ADF622315E0E00B87C2C /* Main.storyboard in Resources */ = {isa = PBXBuildFile; fileRef = 8854ADF422315E0E00B87C2C /* Main.storyboard */; };
		8854ADF822315E1000B87C2C /* Assets.xcassets in Resources */ = {isa = PBXBuildFile; fileRef = 8854ADF722315E1000B87C2C /* Assets.xcassets */; };
		8854ADFB22315E1000B87C2C /* LaunchScreen.storyboard in Resources */ = {isa = PBXBuildFile; fileRef = 8854ADF922315E1000B87C2C /* LaunchScreen.storyboard */; };
		8854AE0422315E3B00B87C2C /* UILabel+Chainable.swift in Sources */ = {isa = PBXBuildFile; fileRef = 8854AE0322315E3B00B87C2C /* UILabel+Chainable.swift */; };
		8E02972E74CCA82FF2EE1A72 /* Pods_UIChainable.framework in Frameworks */ = {isa = PBXBuildFile; fileRef = B6530766EE3515EC7B4428B8 /* Pods_UIChainable.framework */; };
/* End PBXBuildFile section */

/* Begin PBXFileReference section */
		294EC032AAF3E73F483E8EA5 /* Pods-UIChainable.debug.xcconfig */ = {isa = PBXFileReference; includeInIndex = 1; lastKnownFileType = text.xcconfig; name = "Pods-UIChainable.debug.xcconfig"; path = "Pods/Target Support Files/Pods-UIChainable/Pods-UIChainable.debug.xcconfig"; sourceTree = "<group>"; };
		8854ADED22315E0E00B87C2C /* UIChainable.app */ = {isa = PBXFileReference; explicitFileType = wrapper.application; includeInIndex = 0; path = UIChainable.app; sourceTree = BUILT_PRODUCTS_DIR; };
		8854ADF022315E0E00B87C2C /* AppDelegate.swift */ = {isa = PBXFileReference; lastKnownFileType = sourcecode.swift; path = AppDelegate.swift; sourceTree = "<group>"; };
		8854ADF222315E0E00B87C2C /* ViewController.swift */ = {isa = PBXFileReference; lastKnownFileType = sourcecode.swift; path = ViewController.swift; sourceTree = "<group>"; };
		8854ADF522315E0E00B87C2C /* Base */ = {isa = PBXFileReference; lastKnownFileType = file.storyboard; name = Base; path = Base.lproj/Main.storyboard; sourceTree = "<group>"; };
		8854ADF722315E1000B87C2C /* Assets.xcassets */ = {isa = PBXFileReference; lastKnownFileType = folder.assetcatalog; path = Assets.xcassets; sourceTree = "<group>"; };
		8854ADFA22315E1000B87C2C /* Base */ = {isa = PBXFileReference; lastKnownFileType = file.storyboard; name = Base; path = Base.lproj/LaunchScreen.storyboard; sourceTree = "<group>"; };
		8854ADFC22315E1000B87C2C /* Info.plist */ = {isa = PBXFileReference; lastKnownFileType = text.plist.xml; path = Info.plist; sourceTree = "<group>"; };
		8854AE0322315E3B00B87C2C /* UILabel+Chainable.swift */ = {isa = PBXFileReference; lastKnownFileType = sourcecode.swift; path = "UILabel+Chainable.swift"; sourceTree = "<group>"; };
		B6530766EE3515EC7B4428B8 /* Pods_UIChainable.framework */ = {isa = PBXFileReference; explicitFileType = wrapper.framework; includeInIndex = 0; path = Pods_UIChainable.framework; sourceTree = BUILT_PRODUCTS_DIR; };
		BB9156D0F5A978CD2EB22FC4 /* Pods-UIChainable.release.xcconfig */ = {isa = PBXFileReference; includeInIndex = 1; lastKnownFileType = text.xcconfig; name = "Pods-UIChainable.release.xcconfig"; path = "Pods/Target Support Files/Pods-UIChainable/Pods-UIChainable.release.xcconfig"; sourceTree = "<group>"; };
/* End PBXFileReference section */

/* Begin PBXFrameworksBuildPhase section */
		8854ADEA22315E0E00B87C2C /* Frameworks */ = {
			isa = PBXFrameworksBuildPhase;
			buildActionMask = 2147483647;
			files = (
				8E02972E74CCA82FF2EE1A72 /* Pods_UIChainable.framework in Frameworks */,
			);
			runOnlyForDeploymentPostprocessing = 0;
		};
/* End PBXFrameworksBuildPhase section */

/* Begin PBXGroup section */
		1B3643D103B7001A7500D4F0 /* Pods */ = {
			isa = PBXGroup;
			children = (
				294EC032AAF3E73F483E8EA5 /* Pods-UIChainable.debug.xcconfig */,
				BB9156D0F5A978CD2EB22FC4 /* Pods-UIChainable.release.xcconfig */,
			);
			name = Pods;
			sourceTree = "<group>";
		};
		719146C32E27506C0A0C8E7C /* Frameworks */ = {
			isa = PBXGroup;
			children = (
				B6530766EE3515EC7B4428B8 /* Pods_UIChainable.framework */,
			);
			name = Frameworks;
			sourceTree = "<group>";
		};
		8854ADE422315E0E00B87C2C = {
			isa = PBXGroup;
			children = (
				8854ADEF22315E0E00B87C2C /* UIChainable */,
				8854ADEE22315E0E00B87C2C /* Products */,
				1B3643D103B7001A7500D4F0 /* Pods */,
				719146C32E27506C0A0C8E7C /* Frameworks */,
			);
			sourceTree = "<group>";
		};
		8854ADEE22315E0E00B87C2C /* Products */ = {
			isa = PBXGroup;
			children = (
				8854ADED22315E0E00B87C2C /* UIChainable.app */,
			);
			name = Products;
			sourceTree = "<group>";
		};
		8854ADEF22315E0E00B87C2C /* UIChainable */ = {
			isa = PBXGroup;
			children = (
				8854AE0222315E1500B87C2C /* UIChainableKit */,
				8854ADF022315E0E00B87C2C /* AppDelegate.swift */,
				8854ADF222315E0E00B87C2C /* ViewController.swift */,
				8854ADF422315E0E00B87C2C /* Main.storyboard */,
				8854ADF722315E1000B87C2C /* Assets.xcassets */,
				8854ADF922315E1000B87C2C /* LaunchScreen.storyboard */,
				8854ADFC22315E1000B87C2C /* Info.plist */,
			);
			path = UIChainable;
			sourceTree = "<group>";
		};
		8854AE0222315E1500B87C2C /* UIChainableKit */ = {
			isa = PBXGroup;
			children = (
				8854AE0322315E3B00B87C2C /* UILabel+Chainable.swift */,
			);
			path = UIChainableKit;
			sourceTree = "<group>";
		};
/* End PBXGroup section */

/* Begin PBXNativeTarget section */
		8854ADEC22315E0E00B87C2C /* UIChainable */ = {
			isa = PBXNativeTarget;
			buildConfigurationList = 8854ADFF22315E1000B87C2C /* Build configuration list for PBXNativeTarget "UIChainable" */;
			buildPhases = (
				4072647C7FB4389120311161 /* [CP] Check Pods Manifest.lock */,
				8854ADE922315E0E00B87C2C /* Sources */,
				8854ADEA22315E0E00B87C2C /* Frameworks */,
				8854ADEB22315E0E00B87C2C /* Resources */,
				AF13EAFA57E244D5CB5C0E46 /* [CP] Embed Pods Frameworks */,
			);
			buildRules = (
			);
			dependencies = (
			);
			name = UIChainable;
			productName = UIChainable;
			productReference = 8854ADED22315E0E00B87C2C /* UIChainable.app */;
			productType = "com.apple.product-type.application";
		};
/* End PBXNativeTarget section */

/* Begin PBXProject section */
		8854ADE522315E0E00B87C2C /* Project object */ = {
			isa = PBXProject;
			attributes = {
				LastSwiftUpdateCheck = 1010;
				LastUpgradeCheck = 1010;
				ORGANIZATIONNAME = yfm;
				TargetAttributes = {
					8854ADEC22315E0E00B87C2C = {
						CreatedOnToolsVersion = 10.1;
					};
				};
			};
			buildConfigurationList = 8854ADE822315E0E00B87C2C /* Build configuration list for PBXProject "UIChainable" */;
			compatibilityVersion = "Xcode 9.3";
			developmentRegion = en;
			hasScannedForEncodings = 0;
			knownRegions = (
				en,
				Base,
			);
			mainGroup = 8854ADE422315E0E00B87C2C;
			productRefGroup = 8854ADEE22315E0E00B87C2C /* Products */;
			projectDirPath = "";
			projectRoot = "";
			targets = (
				8854ADEC22315E0E00B87C2C /* UIChainable */,
			);
		};
/* End PBXProject section */

/* Begin PBXResourcesBuildPhase section */
		8854ADEB22315E0E00B87C2C /* Resources */ = {
			isa = PBXResourcesBuildPhase;
			buildActionMask = 2147483647;
			files = (
				8854ADFB22315E1000B87C2C /* LaunchScreen.storyboard in Resources */,
				8854ADF822315E1000B87C2C /* Assets.xcassets in Resources */,
				8854ADF622315E0E00B87C2C /* Main.storyboard in Resources */,
			);
			runOnlyForDeploymentPostprocessing = 0;
		};
/* End PBXResourcesBuildPhase section */

/* Begin PBXShellScriptBuildPhase section */
		4072647C7FB4389120311161 /* [CP] Check Pods Manifest.lock */ = {
			isa = PBXShellScriptBuildPhase;
			buildActionMask = 2147483647;
			files = (
			);
			inputPaths = (
				"${PODS_PODFILE_DIR_PATH}/Podfile.lock",
				"${PODS_ROOT}/Manifest.lock",
			);
			name = "[CP] Check Pods Manifest.lock";
			outputPaths = (
				"$(DERIVED_FILE_DIR)/Pods-UIChainable-checkManifestLockResult.txt",
			);
			runOnlyForDeploymentPostprocessing = 0;
			shellPath = /bin/sh;
			shellScript = "diff \"${PODS_PODFILE_DIR_PATH}/Podfile.lock\" \"${PODS_ROOT}/Manifest.lock\" > /dev/null\nif [ $? != 0 ] ; then\n    # print error to STDERR\n    echo \"error: The sandbox is not in sync with the Podfile.lock. Run 'pod install' or update your CocoaPods installation.\" >&2\n    exit 1\nfi\n# This output is used by Xcode 'outputs' to avoid re-running this script phase.\necho \"SUCCESS\" > \"${SCRIPT_OUTPUT_FILE_0}\"\n";
			showEnvVarsInLog = 0;
		};
		AF13EAFA57E244D5CB5C0E46 /* [CP] Embed Pods Frameworks */ = {
			isa = PBXShellScriptBuildPhase;
			buildActionMask = 2147483647;
			files = (
			);
			inputPaths = (
				"${SRCROOT}/Pods/Target Support Files/Pods-UIChainable/Pods-UIChainable-frameworks.sh",
				"${BUILT_PRODUCTS_DIR}/SnapKit/SnapKit.framework",
			);
			name = "[CP] Embed Pods Frameworks";
			outputPaths = (
				"${TARGET_BUILD_DIR}/${FRAMEWORKS_FOLDER_PATH}/SnapKit.framework",
			);
			runOnlyForDeploymentPostprocessing = 0;
			shellPath = /bin/sh;
			shellScript = "\"${SRCROOT}/Pods/Target Support Files/Pods-UIChainable/Pods-UIChainable-frameworks.sh\"\n";
			showEnvVarsInLog = 0;
		};
/* End PBXShellScriptBuildPhase section */

/* Begin PBXSourcesBuildPhase section */
		8854ADE922315E0E00B87C2C /* Sources */ = {
			isa = PBXSourcesBuildPhase;
			buildActionMask = 2147483647;
			files = (
				8854ADF322315E0E00B87C2C /* ViewController.swift in Sources */,
				8854ADF122315E0E00B87C2C /* AppDelegate.swift in Sources */,
				8854AE0422315E3B00B87C2C /* UILabel+Chainable.swift in Sources */,
			);
			runOnlyForDeploymentPostprocessing = 0;
		};
/* End PBXSourcesBuildPhase section */

/* Begin PBXVariantGroup section */
		8854ADF422315E0E00B87C2C /* Main.storyboard */ = {
			isa = PBXVariantGroup;
			children = (
				8854ADF522315E0E00B87C2C /* Base */,
			);
			name = Main.storyboard;
			sourceTree = "<group>";
		};
		8854ADF922315E1000B87C2C /* LaunchScreen.storyboard */ = {
			isa = PBXVariantGroup;
			children = (
				8854ADFA22315E1000B87C2C /* Base */,
			);
			name = LaunchScreen.storyboard;
			sourceTree = "<group>";
		};
/* End PBXVariantGroup section */

/* Begin XCBuildConfiguration section */
		8854ADFD22315E1000B87C2C /* Debug */ = {
			isa = XCBuildConfiguration;
			buildSettings = {
				ALWAYS_SEARCH_USER_PATHS = NO;
				CLANG_ANALYZER_NONNULL = YES;
				CLANG_ANALYZER_NUMBER_OBJECT_CONVERSION = YES_AGGRESSIVE;
				CLANG_CXX_LANGUAGE_STANDARD = "gnu++14";
				CLANG_CXX_LIBRARY = "libc++";
				CLANG_ENABLE_MODULES = YES;
				CLANG_ENABLE_OBJC_ARC = YES;
				CLANG_ENABLE_OBJC_WEAK = YES;
				CLANG_WARN_BLOCK_CAPTURE_AUTORELEASING = YES;
				CLANG_WARN_BOOL_CONVERSION = YES;
				CLANG_WARN_COMMA = YES;
				CLANG_WARN_CONSTANT_CONVERSION = YES;
				CLANG_WARN_DEPRECATED_OBJC_IMPLEMENTATIONS = YES;
				CLANG_WARN_DIRECT_OBJC_ISA_USAGE = YES_ERROR;
				CLANG_WARN_DOCUMENTATION_COMMENTS = YES;
				CLANG_WARN_EMPTY_BODY = YES;
				CLANG_WARN_ENUM_CONVERSION = YES;
				CLANG_WARN_INFINITE_RECURSION = YES;
				CLANG_WARN_INT_CONVERSION = YES;
				CLANG_WARN_NON_LITERAL_NULL_CONVERSION = YES;
				CLANG_WARN_OBJC_IMPLICIT_RETAIN_SELF = YES;
				CLANG_WARN_OBJC_LITERAL_CONVERSION = YES;
				CLANG_WARN_OBJC_ROOT_CLASS = YES_ERROR;
				CLANG_WARN_RANGE_LOOP_ANALYSIS = YES;
				CLANG_WARN_STRICT_PROTOTYPES = YES;
				CLANG_WARN_SUSPICIOUS_MOVE = YES;
				CLANG_WARN_UNGUARDED_AVAILABILITY = YES_AGGRESSIVE;
				CLANG_WARN_UNREACHABLE_CODE = YES;
				CLANG_WARN__DUPLICATE_METHOD_MATCH = YES;
				CODE_SIGN_IDENTITY = "iPhone Developer";
				COPY_PHASE_STRIP = NO;
				DEBUG_INFORMATION_FORMAT = dwarf;
				ENABLE_STRICT_OBJC_MSGSEND = YES;
				ENABLE_TESTABILITY = YES;
				GCC_C_LANGUAGE_STANDARD = gnu11;
				GCC_DYNAMIC_NO_PIC = NO;
				GCC_NO_COMMON_BLOCKS = YES;
				GCC_OPTIMIZATION_LEVEL = 0;
				GCC_PREPROCESSOR_DEFINITIONS = (
					"DEBUG=1",
					"$(inherited)",
				);
				GCC_WARN_64_TO_32_BIT_CONVERSION = YES;
				GCC_WARN_ABOUT_RETURN_TYPE = YES_ERROR;
				GCC_WARN_UNDECLARED_SELECTOR = YES;
				GCC_WARN_UNINITIALIZED_AUTOS = YES_AGGRESSIVE;
				GCC_WARN_UNUSED_FUNCTION = YES;
				GCC_WARN_UNUSED_VARIABLE = YES;
				IPHONEOS_DEPLOYMENT_TARGET = 12.1;
				MTL_ENABLE_DEBUG_INFO = INCLUDE_SOURCE;
				MTL_FAST_MATH = YES;
				ONLY_ACTIVE_ARCH = YES;
				SDKROOT = iphoneos;
				SWIFT_ACTIVE_COMPILATION_CONDITIONS = DEBUG;
				SWIFT_OPTIMIZATION_LEVEL = "-Onone";
			};
			name = Debug;
		};
		8854ADFE22315E1000B87C2C /* Release */ = {
			isa = XCBuildConfiguration;
			buildSettings = {
				ALWAYS_SEARCH_USER_PATHS = NO;
				CLANG_ANALYZER_NONNULL = YES;
				CLANG_ANALYZER_NUMBER_OBJECT_CONVERSION = YES_AGGRESSIVE;
				CLANG_CXX_LANGUAGE_STANDARD = "gnu++14";
				CLANG_CXX_LIBRARY = "libc++";
				CLANG_ENABLE_MODULES = YES;
				CLANG_ENABLE_OBJC_ARC = YES;
				CLANG_ENABLE_OBJC_WEAK = YES;
				CLANG_WARN_BLOCK_CAPTURE_AUTORELEASING = YES;
				CLANG_WARN_BOOL_CONVERSION = YES;
				CLANG_WARN_COMMA = YES;
				CLANG_WARN_CONSTANT_CONVERSION = YES;
				CLANG_WARN_DEPRECATED_OBJC_IMPLEMENTATIONS = YES;
				CLANG_WARN_DIRECT_OBJC_ISA_USAGE = YES_ERROR;
				CLANG_WARN_DOCUMENTATION_COMMENTS = YES;
				CLANG_WARN_EMPTY_BODY = YES;
				CLANG_WARN_ENUM_CONVERSION = YES;
				CLANG_WARN_INFINITE_RECURSION = YES;
				CLANG_WARN_INT_CONVERSION = YES;
				CLANG_WARN_NON_LITERAL_NULL_CONVERSION = YES;
				CLANG_WARN_OBJC_IMPLICIT_RETAIN_SELF = YES;
				CLANG_WARN_OBJC_LITERAL_CONVERSION = YES;
				CLANG_WARN_OBJC_ROOT_CLASS = YES_ERROR;
				CLANG_WARN_RANGE_LOOP_ANALYSIS = YES;
				CLANG_WARN_STRICT_PROTOTYPES = YES;
				CLANG_WARN_SUSPICIOUS_MOVE = YES;
				CLANG_WARN_UNGUARDED_AVAILABILITY = YES_AGGRESSIVE;
				CLANG_WARN_UNREACHABLE_CODE = YES;
				CLANG_WARN__DUPLICATE_METHOD_MATCH = YES;
				CODE_SIGN_IDENTITY = "iPhone Developer";
				COPY_PHASE_STRIP = NO;
				DEBUG_INFORMATION_FORMAT = "dwarf-with-dsym";
				ENABLE_NS_ASSERTIONS = NO;
				ENABLE_STRICT_OBJC_MSGSEND = YES;
				GCC_C_LANGUAGE_STANDARD = gnu11;
				GCC_NO_COMMON_BLOCKS = YES;
				GCC_WARN_64_TO_32_BIT_CONVERSION = YES;
				GCC_WARN_ABOUT_RETURN_TYPE = YES_ERROR;
				GCC_WARN_UNDECLARED_SELECTOR = YES;
				GCC_WARN_UNINITIALIZED_AUTOS = YES_AGGRESSIVE;
				GCC_WARN_UNUSED_FUNCTION = YES;
				GCC_WARN_UNUSED_VARIABLE = YES;
				IPHONEOS_DEPLOYMENT_TARGET = 12.1;
				MTL_ENABLE_DEBUG_INFO = NO;
				MTL_FAST_MATH = YES;
				SDKROOT = iphoneos;
				SWIFT_COMPILATION_MODE = wholemodule;
				SWIFT_OPTIMIZATION_LEVEL = "-O";
				VALIDATE_PRODUCT = YES;
			};
			name = Release;
		};
		8854AE0022315E1000B87C2C /* Debug */ = {
			isa = XCBuildConfiguration;
			baseConfigurationReference = 294EC032AAF3E73F483E8EA5 /* Pods-UIChainable.debug.xcconfig */;
			buildSettings = {
				ASSETCATALOG_COMPILER_APPICON_NAME = AppIcon;
				CODE_SIGN_STYLE = Automatic;
				INFOPLIST_FILE = UIChainable/Info.plist;
				LD_RUNPATH_SEARCH_PATHS = (
					"$(inherited)",
					"@executable_path/Frameworks",
				);
				PRODUCT_BUNDLE_IDENTIFIER = yfm.UIChainable;
				PRODUCT_NAME = "$(TARGET_NAME)";
				SWIFT_VERSION = 4.2;
				TARGETED_DEVICE_FAMILY = "1,2";
			};
			name = Debug;
		};
		8854AE0122315E1000B87C2C /* Release */ = {
			isa = XCBuildConfiguration;
			baseConfigurationReference = BB9156D0F5A978CD2EB22FC4 /* Pods-UIChainable.release.xcconfig */;
			buildSettings = {
				ASSETCATALOG_COMPILER_APPICON_NAME = AppIcon;
				CODE_SIGN_STYLE = Automatic;
				INFOPLIST_FILE = UIChainable/Info.plist;
				LD_RUNPATH_SEARCH_PATHS = (
					"$(inherited)",
					"@executable_path/Frameworks",
				);
				PRODUCT_BUNDLE_IDENTIFIER = yfm.UIChainable;
				PRODUCT_NAME = "$(TARGET_NAME)";
				SWIFT_VERSION = 4.2;
				TARGETED_DEVICE_FAMILY = "1,2";
			};
			name = Release;
		};
/* End XCBuildConfiguration section */

/* Begin XCConfigurationList section */
		8854ADE822315E0E00B87C2C /* Build configuration list for PBXProject "UIChainable" */ = {
			isa = XCConfigurationList;
			buildConfigurations = (
				8854ADFD22315E1000B87C2C /* Debug */,
				8854ADFE22315E1000B87C2C /* Release */,
			);
			defaultConfigurationIsVisible = 0;
			defaultConfigurationName = Release;
		};
		8854ADFF22315E1000B87C2C /* Build configuration list for PBXNativeTarget "UIChainable" */ = {
			isa = XCConfigurationList;
			buildConfigurations = (
				8854AE0022315E1000B87C2C /* Debug */,
				8854AE0122315E1000B87C2C /* Release */,
			);
			defaultConfigurationIsVisible = 0;
			defaultConfigurationName = Release;
		};
/* End XCConfigurationList section */
	};
	rootObject = 8854ADE522315E0E00B87C2C /* Project object */;
}
